
Microsoft Visual Studio Solution File, Format Version 12.00
# Visual Studio Version 17
VisualStudioVersion = 17.11.35222.181
MinimumVisualStudioVersion = 10.0.40219.1
Project("{FAE04EC0-301F-11D3-BF4B-00C04F79EFBC}") = "apiSuperMkd", "apiSuperMkd\apiSuperMkd.csproj", "{393AEAB7-3013-440F-8201-009C38498756}"
EndProject
Global
	GlobalSection(SolutionConfigurationPlatforms) = preSolution
		Debug|Any CPU = Debug|Any CPU
		Release|Any CPU = Release|Any CPU
	EndGlobalSection
	GlobalSection(ProjectConfigurationPlatforms) = postSolution
		{393AEAB7-3013-440F-8201-009C38498756}.Debug|Any CPU.ActiveCfg = Debug|Any CPU
		{393AEAB7-3013-440F-8201-009C38498756}.Debug|Any CPU.Build.0 = Debug|Any CPU
		{393AEAB7-3013-440F-8201-009C38498756}.Release|Any CPU.ActiveCfg = Release|Any CPU
		{393AEAB7-3013-440F-8201-009C38498756}.Release|Any CPU.Build.0 = Release|Any CPU
	EndGlobalSection
	GlobalSection(SolutionProperties) = preSolution
		HideSolutionNode = FALSE
	EndGlobalSection
	GlobalSection(ExtensibilityGlobals) = postSolution
		SolutionGuid = {12A41B2C-6041-4198-981E-CBB34C727142}
	EndGlobalSection
EndGlobal
